
Microsoft Visual Studio Solution File, Format Version 12.00
# Visual Studio Version 16
VisualStudioVersion = 16.0.31424.327
MinimumVisualStudioVersion = 10.0.40219.1
Project("{FAE04EC0-301F-11D3-BF4B-00C04F79EFBC}") = "MagicShapeMultiply", "MagicShapeMultiply\MagicShapeMultiply.csproj", "{96206975-40E7-47A7-AE87-837F09F8357C}"
EndProject
Global
	GlobalSection(SolutionConfigurationPlatforms) = preSolution
		Debug|Any CPU = Debug|Any CPU
		Release|Any CPU = Release|Any CPU
	EndGlobalSection
	GlobalSection(ProjectConfigurationPlatforms) = postSolution
		{96206975-40E7-47A7-AE87-837F09F8357C}.Debug|Any CPU.ActiveCfg = Debug|Any CPU
		{96206975-40E7-47A7-AE87-837F09F8357C}.Debug|Any CPU.Build.0 = Debug|Any CPU
		{96206975-40E7-47A7-AE87-837F09F8357C}.Release|Any CPU.ActiveCfg = Release|Any CPU
		{96206975-40E7-47A7-AE87-837F09F8357C}.Release|Any CPU.Build.0 = Release|Any CPU
	EndGlobalSection
	GlobalSection(SolutionProperties) = preSolution
		HideSolutionNode = FALSE
	EndGlobalSection
	GlobalSection(ExtensibilityGlobals) = postSolution
		SolutionGuid = {19F3C31B-F091-4B24-8D1D-DB416D10013A}
	EndGlobalSection
EndGlobal
